
Microsoft Visual Studio Solution File, Format Version 12.00
# Visual Studio Version 16
VisualStudioVersion = 16.0.31613.86
MinimumVisualStudioVersion = 10.0.40219.1
Project("{9A19103F-16F7-4668-BE54-9A1E7A4F7556}") = "Kalender", "Kalender\Kalender.csproj", "{788E186B-F296-44D6-B6AA-972E5AC2A3BB}"
EndProject
Project("{9A19103F-16F7-4668-BE54-9A1E7A4F7556}") = "KalenderTests", "KalenderTests\KalenderTests.csproj", "{20DCAEDF-4B00-4A63-9CA2-21A955B8C37F}"
EndProject
Project("{2150E333-8FDC-42A3-9474-1A3956D46DE8}") = "Solution Items", "Solution Items", "{A23B46E2-0EC3-46DC-94A4-7C531A281DF8}"
	ProjectSection(SolutionItems) = preProject
		.editorconfig = .editorconfig
	EndProjectSection
EndProject
Global
	GlobalSection(SolutionConfigurationPlatforms) = preSolution
		Debug|Any CPU = Debug|Any CPU
		Release|Any CPU = Release|Any CPU
	EndGlobalSection
	GlobalSection(ProjectConfigurationPlatforms) = postSolution
		{788E186B-F296-44D6-B6AA-972E5AC2A3BB}.Debug|Any CPU.ActiveCfg = Debug|Any CPU
		{788E186B-F296-44D6-B6AA-972E5AC2A3BB}.Debug|Any CPU.Build.0 = Debug|Any CPU
		{788E186B-F296-44D6-B6AA-972E5AC2A3BB}.Release|Any CPU.ActiveCfg = Release|Any CPU
		{788E186B-F296-44D6-B6AA-972E5AC2A3BB}.Release|Any CPU.Build.0 = Release|Any CPU
		{20DCAEDF-4B00-4A63-9CA2-21A955B8C37F}.Debug|Any CPU.ActiveCfg = Debug|Any CPU
		{20DCAEDF-4B00-4A63-9CA2-21A955B8C37F}.Debug|Any CPU.Build.0 = Debug|Any CPU
		{20DCAEDF-4B00-4A63-9CA2-21A955B8C37F}.Release|Any CPU.ActiveCfg = Release|Any CPU
		{20DCAEDF-4B00-4A63-9CA2-21A955B8C37F}.Release|Any CPU.Build.0 = Release|Any CPU
	EndGlobalSection
	GlobalSection(SolutionProperties) = preSolution
		HideSolutionNode = FALSE
	EndGlobalSection
	GlobalSection(ExtensibilityGlobals) = postSolution
		SolutionGuid = {C3A9F68C-F48B-4292-9584-77C5AE0B4CCF}
	EndGlobalSection
EndGlobal
